// !$*UTF8*$!
{
	archiveVersion = 1;
	classes = {
	};
	objectVersion = 46;
	objects = {

/* Begin PBXBuildFile section */
		1952B4C0224CFAA1003B5725 /* Podfile in Resources */ = {isa = PBXBuildFile; fileRef = 1952B4BF224CFAA1003B5725 /* Podfile */; };
		B5B1C0721C0E7C7F003797EF /* AppDelegate.swift in Sources */ = {isa = PBXBuildFile; fileRef = B5B1C0711C0E7C7F003797EF /* AppDelegate.swift */; };
		B5B1C0741C0E7C7F003797EF /* ViewController.swift in Sources */ = {isa = PBXBuildFile; fileRef = B5B1C0731C0E7C7F003797EF /* ViewController.swift */; };
		B5B1C0771C0E7C7F003797EF /* Main.storyboard in Resources */ = {isa = PBXBuildFile; fileRef = B5B1C0751C0E7C7F003797EF /* Main.storyboard */; };
		B5B1C0791C0E7C7F003797EF /* Assets.xcassets in Resources */ = {isa = PBXBuildFile; fileRef = B5B1C0781C0E7C7F003797EF /* Assets.xcassets */; };
		B5B1C07C1C0E7C7F003797EF /* LaunchScreen.storyboard in Resources */ = {isa = PBXBuildFile; fileRef = B5B1C07A1C0E7C7F003797EF /* LaunchScreen.storyboard */; };
		B5B1C0841C0E8B95003797EF /* EmptyBackgroundView.swift in Sources */ = {isa = PBXBuildFile; fileRef = B5B1C0831C0E8B95003797EF /* EmptyBackgroundView.swift */; };
		F61F04DD30369943BD647ACE /* Pods_EmptyTableView.framework in Frameworks */ = {isa = PBXBuildFile; fileRef = B429B9CFF6B884917BEC8D9F /* Pods_EmptyTableView.framework */; };
/* End PBXBuildFile section */

/* Begin PBXFileReference section */
		05124BFA469F4A1FF7957A29 /* Pods.framework */ = {isa = PBXFileReference; explicitFileType = wrapper.framework; includeInIndex = 0; path = Pods.framework; sourceTree = BUILT_PRODUCTS_DIR; };
		1952B4BF224CFAA1003B5725 /* Podfile */ = {isa = PBXFileReference; fileEncoding = 4; lastKnownFileType = text; path = Podfile; sourceTree = "<group>"; xcLanguageSpecificationIdentifier = xcode.lang.ruby; };
		7205586416FD6B263628F2E2 /* Pods-EmptyTableView.debug.xcconfig */ = {isa = PBXFileReference; includeInIndex = 1; lastKnownFileType = text.xcconfig; name = "Pods-EmptyTableView.debug.xcconfig"; path = "Target Support Files/Pods-EmptyTableView/Pods-EmptyTableView.debug.xcconfig"; sourceTree = "<group>"; };
		B429B9CFF6B884917BEC8D9F /* Pods_EmptyTableView.framework */ = {isa = PBXFileReference; explicitFileType = wrapper.framework; includeInIndex = 0; path = Pods_EmptyTableView.framework; sourceTree = BUILT_PRODUCTS_DIR; };
		B5B1C06E1C0E7C7F003797EF /* EmptyTableView.app */ = {isa = PBXFileReference; explicitFileType = wrapper.application; includeInIndex = 0; path = EmptyTableView.app; sourceTree = BUILT_PRODUCTS_DIR; };
		B5B1C0711C0E7C7F003797EF /* AppDelegate.swift */ = {isa = PBXFileReference; lastKnownFileType = sourcecode.swift; path = AppDelegate.swift; sourceTree = "<group>"; };
		B5B1C0731C0E7C7F003797EF /* ViewController.swift */ = {isa = PBXFileReference; lastKnownFileType = sourcecode.swift; path = ViewController.swift; sourceTree = "<group>"; };
		B5B1C0761C0E7C7F003797EF /* Base */ = {isa = PBXFileReference; lastKnownFileType = file.storyboard; name = Base; path = Base.lproj/Main.storyboard; sourceTree = "<group>"; };
		B5B1C0781C0E7C7F003797EF /* Assets.xcassets */ = {isa = PBXFileReference; lastKnownFileType = folder.assetcatalog; path = Assets.xcassets; sourceTree = "<group>"; };
		B5B1C07B1C0E7C7F003797EF /* Base */ = {isa = PBXFileReference; lastKnownFileType = file.storyboard; name = Base; path = Base.lproj/LaunchScreen.storyboard; sourceTree = "<group>"; };
		B5B1C07D1C0E7C7F003797EF /* Info.plist */ = {isa = PBXFileReference; lastKnownFileType = text.plist.xml; path = Info.plist; sourceTree = "<group>"; };
		B5B1C0831C0E8B95003797EF /* EmptyBackgroundView.swift */ = {isa = PBXFileReference; fileEncoding = 4; lastKnownFileType = sourcecode.swift; path = EmptyBackgroundView.swift; sourceTree = "<group>"; };
		FD7B7820BDED1F564C34706C /* Pods-EmptyTableView.release.xcconfig */ = {isa = PBXFileReference; includeInIndex = 1; lastKnownFileType = text.xcconfig; name = "Pods-EmptyTableView.release.xcconfig"; path = "Target Support Files/Pods-EmptyTableView/Pods-EmptyTableView.release.xcconfig"; sourceTree = "<group>"; };
/* End PBXFileReference section */

/* Begin PBXFrameworksBuildPhase section */
		B5B1C06B1C0E7C7F003797EF /* Frameworks */ = {
			isa = PBXFrameworksBuildPhase;
			buildActionMask = 2147483647;
			files = (
				F61F04DD30369943BD647ACE /* Pods_EmptyTableView.framework in Frameworks */,
			);
			runOnlyForDeploymentPostprocessing = 0;
		};
/* End PBXFrameworksBuildPhase section */

/* Begin PBXGroup section */
		A3255B7AA72EED1E0CDAD38C /* Frameworks */ = {
			isa = PBXGroup;
			children = (
				05124BFA469F4A1FF7957A29 /* Pods.framework */,
				B429B9CFF6B884917BEC8D9F /* Pods_EmptyTableView.framework */,
			);
			name = Frameworks;
			sourceTree = "<group>";
		};
		B5B1C0651C0E7C7F003797EF = {
			isa = PBXGroup;
			children = (
				1952B4BF224CFAA1003B5725 /* Podfile */,
				B5B1C0701C0E7C7F003797EF /* EmptyTableView */,
				B5B1C06F1C0E7C7F003797EF /* Products */,
				A3255B7AA72EED1E0CDAD38C /* Frameworks */,
				E0FFB6537186DADA9E0A2FB3 /* Pods */,
			);
			sourceTree = "<group>";
		};
		B5B1C06F1C0E7C7F003797EF /* Products */ = {
			isa = PBXGroup;
			children = (
				B5B1C06E1C0E7C7F003797EF /* EmptyTableView.app */,
			);
			name = Products;
			sourceTree = "<group>";
		};
		B5B1C0701C0E7C7F003797EF /* EmptyTableView */ = {
			isa = PBXGroup;
			children = (
				B5B1C0711C0E7C7F003797EF /* AppDelegate.swift */,
				B5B1C0731C0E7C7F003797EF /* ViewController.swift */,
				B5B1C0831C0E8B95003797EF /* EmptyBackgroundView.swift */,
				B5B1C0751C0E7C7F003797EF /* Main.storyboard */,
				B5B1C0781C0E7C7F003797EF /* Assets.xcassets */,
				B5B1C07A1C0E7C7F003797EF /* LaunchScreen.storyboard */,
				B5B1C07D1C0E7C7F003797EF /* Info.plist */,
			);
			path = EmptyTableView;
			sourceTree = "<group>";
		};
		E0FFB6537186DADA9E0A2FB3 /* Pods */ = {
			isa = PBXGroup;
			children = (
				7205586416FD6B263628F2E2 /* Pods-EmptyTableView.debug.xcconfig */,
				FD7B7820BDED1F564C34706C /* Pods-EmptyTableView.release.xcconfig */,
			);
			path = Pods;
			sourceTree = "<group>";
		};
/* End PBXGroup section */

/* Begin PBXNativeTarget section */
		B5B1C06D1C0E7C7F003797EF /* EmptyTableView */ = {
			isa = PBXNativeTarget;
			buildConfigurationList = B5B1C0801C0E7C7F003797EF /* Build configuration list for PBXNativeTarget "EmptyTableView" */;
			buildPhases = (
				C131780617CDB6631A36525F /* [CP] Check Pods Manifest.lock */,
				B5B1C06A1C0E7C7F003797EF /* Sources */,
				B5B1C06B1C0E7C7F003797EF /* Frameworks */,
				B5B1C06C1C0E7C7F003797EF /* Resources */,
				74146CAE9DDF23E039F8A95B /* [CP] Embed Pods Frameworks */,
			);
			buildRules = (
			);
			dependencies = (
			);
			name = EmptyTableView;
			productName = EmptyTableView;
			productReference = B5B1C06E1C0E7C7F003797EF /* EmptyTableView.app */;
			productType = "com.apple.product-type.application";
		};
/* End PBXNativeTarget section */

/* Begin PBXProject section */
		B5B1C0661C0E7C7F003797EF /* Project object */ = {
			isa = PBXProject;
			attributes = {
				LastUpgradeCheck = 0700;
				ORGANIZATIONNAME = "Ben Meline";
				TargetAttributes = {
					B5B1C06D1C0E7C7F003797EF = {
						CreatedOnToolsVersion = 7.0.1;
						DevelopmentTeam = 2RCRNP22LU;
					};
				};
			};
			buildConfigurationList = B5B1C0691C0E7C7F003797EF /* Build configuration list for PBXProject "EmptyTableView" */;
			compatibilityVersion = "Xcode 3.2";
			developmentRegion = English;
			hasScannedForEncodings = 0;
			knownRegions = (
				English,
				en,
				Base,
			);
			mainGroup = B5B1C0651C0E7C7F003797EF;
			productRefGroup = B5B1C06F1C0E7C7F003797EF /* Products */;
			projectDirPath = "";
			projectRoot = "";
			targets = (
				B5B1C06D1C0E7C7F003797EF /* EmptyTableView */,
			);
		};
/* End PBXProject section */

/* Begin PBXResourcesBuildPhase section */
		B5B1C06C1C0E7C7F003797EF /* Resources */ = {
			isa = PBXResourcesBuildPhase;
			buildActionMask = 2147483647;
			files = (
				B5B1C07C1C0E7C7F003797EF /* LaunchScreen.storyboard in Resources */,
				B5B1C0791C0E7C7F003797EF /* Assets.xcassets in Resources */,
				1952B4C0224CFAA1003B5725 /* Podfile in Resources */,
				B5B1C0771C0E7C7F003797EF /* Main.storyboard in Resources */,
			);
			runOnlyForDeploymentPostprocessing = 0;
		};
/* End PBXResourcesBuildPhase section */

/* Begin PBXShellScriptBuildPhase section */
		74146CAE9DDF23E039F8A95B /* [CP] Embed Pods Frameworks */ = {
			isa = PBXShellScriptBuildPhase;
			buildActionMask = 2147483647;
			files = (
			);
			inputFileListPaths = (
			);
			inputPaths = (
				"${PODS_ROOT}/Target Support Files/Pods-EmptyTableView/Pods-EmptyTableView-frameworks.sh",
				"${BUILT_PRODUCTS_DIR}/PureLayout/PureLayout.framework",
			);
			name = "[CP] Embed Pods Frameworks";
			outputFileListPaths = (
			);
			outputPaths = (
				"${TARGET_BUILD_DIR}/${FRAMEWORKS_FOLDER_PATH}/PureLayout.framework",
			);
			runOnlyForDeploymentPostprocessing = 0;
			shellPath = /bin/sh;
			shellScript = "\"${PODS_ROOT}/Target Support Files/Pods-EmptyTableView/Pods-EmptyTableView-frameworks.sh\"\n";
			showEnvVarsInLog = 0;
		};
		C131780617CDB6631A36525F /* [CP] Check Pods Manifest.lock */ = {
			isa = PBXShellScriptBuildPhase;
			buildActionMask = 2147483647;
			files = (
			);
			inputFileListPaths = (
			);
			inputPaths = (
				"${PODS_PODFILE_DIR_PATH}/Podfile.lock",
				"${PODS_ROOT}/Manifest.lock",
			);
			name = "[CP] Check Pods Manifest.lock";
			outputFileListPaths = (
			);
			outputPaths = (
				"$(DERIVED_FILE_DIR)/Pods-EmptyTableView-checkManifestLockResult.txt",
			);
			runOnlyForDeploymentPostprocessing = 0;
			shellPath = /bin/sh;
			shellScript = "diff \"${PODS_PODFILE_DIR_PATH}/Podfile.lock\" \"${PODS_ROOT}/Manifest.lock\" > /dev/null\nif [ $? != 0 ] ; then\n    # print error to STDERR\n    echo \"error: The sandbox is not in sync with the Podfile.lock. Run 'pod install' or update your CocoaPods installation.\" >&2\n    exit 1\nfi\n# This output is used by Xcode 'outputs' to avoid re-running this script phase.\necho \"SUCCESS\" > \"${SCRIPT_OUTPUT_FILE_0}\"\n";
			showEnvVarsInLog = 0;
		};
/* End PBXShellScriptBuildPhase section */

/* Begin PBXSourcesBuildPhase section */
		B5B1C06A1C0E7C7F003797EF /* Sources */ = {
			isa = PBXSourcesBuildPhase;
			buildActionMask = 2147483647;
			files = (
				B5B1C0741C0E7C7F003797EF /* ViewController.swift in Sources */,
				B5B1C0721C0E7C7F003797EF /* AppDelegate.swift in Sources */,
				B5B1C0841C0E8B95003797EF /* EmptyBackgroundView.swift in Sources */,
			);
			runOnlyForDeploymentPostprocessing = 0;
		};
/* End PBXSourcesBuildPhase section */

/* Begin PBXVariantGroup section */
		B5B1C0751C0E7C7F003797EF /* Main.storyboard */ = {
			isa = PBXVariantGroup;
			children = (
				B5B1C0761C0E7C7F003797EF /* Base */,
			);
			name = Main.storyboard;
			sourceTree = "<group>";
		};
		B5B1C07A1C0E7C7F003797EF /* LaunchScreen.storyboard */ = {
			isa = PBXVariantGroup;
			children = (
				B5B1C07B1C0E7C7F003797EF /* Base */,
			);
			name = LaunchScreen.storyboard;
			sourceTree = "<group>";
		};
/* End PBXVariantGroup section */

/* Begin XCBuildConfiguration section */
		B5B1C07E1C0E7C7F003797EF /* Debug */ = {
			isa = XCBuildConfiguration;
			buildSettings = {
				ALWAYS_SEARCH_USER_PATHS = NO;
				CLANG_CXX_LANGUAGE_STANDARD = "gnu++0x";
				CLANG_CXX_LIBRARY = "libc++";
				CLANG_ENABLE_MODULES = YES;
				CLANG_ENABLE_OBJC_ARC = YES;
				CLANG_WARN_BOOL_CONVERSION = YES;
				CLANG_WARN_CONSTANT_CONVERSION = YES;
				CLANG_WARN_DIRECT_OBJC_ISA_USAGE = YES_ERROR;
				CLANG_WARN_EMPTY_BODY = YES;
				CLANG_WARN_ENUM_CONVERSION = YES;
				CLANG_WARN_INT_CONVERSION = YES;
				CLANG_WARN_OBJC_ROOT_CLASS = YES_ERROR;
				CLANG_WARN_UNREACHABLE_CODE = YES;
				CLANG_WARN__DUPLICATE_METHOD_MATCH = YES;
				"CODE_SIGN_IDENTITY[sdk=iphoneos*]" = "iPhone Developer";
				COPY_PHASE_STRIP = NO;
				DEBUG_INFORMATION_FORMAT = dwarf;
				ENABLE_STRICT_OBJC_MSGSEND = YES;
				ENABLE_TESTABILITY = YES;
				GCC_C_LANGUAGE_STANDARD = gnu99;
				GCC_DYNAMIC_NO_PIC = NO;
				GCC_NO_COMMON_BLOCKS = YES;
				GCC_OPTIMIZATION_LEVEL = 0;
				GCC_PREPROCESSOR_DEFINITIONS = (
					"DEBUG=1",
					"$(inherited)",
				);
				GCC_WARN_64_TO_32_BIT_CONVERSION = YES;
				GCC_WARN_ABOUT_RETURN_TYPE = YES_ERROR;
				GCC_WARN_UNDECLARED_SELECTOR = YES;
				GCC_WARN_UNINITIALIZED_AUTOS = YES_AGGRESSIVE;
				GCC_WARN_UNUSED_FUNCTION = YES;
				GCC_WARN_UNUSED_VARIABLE = YES;
				IPHONEOS_DEPLOYMENT_TARGET = 9.0;
				MTL_ENABLE_DEBUG_INFO = YES;
				ONLY_ACTIVE_ARCH = YES;
				SDKROOT = iphoneos;
				SWIFT_OPTIMIZATION_LEVEL = "-Onone";
				TARGETED_DEVICE_FAMILY = "1,2";
			};
			name = Debug;
		};
		B5B1C07F1C0E7C7F003797EF /* Release */ = {
			isa = XCBuildConfiguration;
			buildSettings = {
				ALWAYS_SEARCH_USER_PATHS = NO;
				CLANG_CXX_LANGUAGE_STANDARD = "gnu++0x";
				CLANG_CXX_LIBRARY = "libc++";
				CLANG_ENABLE_MODULES = YES;
				CLANG_ENABLE_OBJC_ARC = YES;
				CLANG_WARN_BOOL_CONVERSION = YES;
				CLANG_WARN_CONSTANT_CONVERSION = YES;
				CLANG_WARN_DIRECT_OBJC_ISA_USAGE = YES_ERROR;
				CLANG_WARN_EMPTY_BODY = YES;
				CLANG_WARN_ENUM_CONVERSION = YES;
				CLANG_WARN_INT_CONVERSION = YES;
				CLANG_WARN_OBJC_ROOT_CLASS = YES_ERROR;
				CLANG_WARN_UNREACHABLE_CODE = YES;
				CLANG_WARN__DUPLICATE_METHOD_MATCH = YES;
				"CODE_SIGN_IDENTITY[sdk=iphoneos*]" = "iPhone Developer";
				COPY_PHASE_STRIP = NO;
				DEBUG_INFORMATION_FORMAT = "dwarf-with-dsym";
				ENABLE_NS_ASSERTIONS = NO;
				ENABLE_STRICT_OBJC_MSGSEND = YES;
				GCC_C_LANGUAGE_STANDARD = gnu99;
				GCC_NO_COMMON_BLOCKS = YES;
				GCC_WARN_64_TO_32_BIT_CONVERSION = YES;
				GCC_WARN_ABOUT_RETURN_TYPE = YES_ERROR;
				GCC_WARN_UNDECLARED_SELECTOR = YES;
				GCC_WARN_UNINITIALIZED_AUTOS = YES_AGGRESSIVE;
				GCC_WARN_UNUSED_FUNCTION = YES;
				GCC_WARN_UNUSED_VARIABLE = YES;
				IPHONEOS_DEPLOYMENT_TARGET = 9.0;
				MTL_ENABLE_DEBUG_INFO = NO;
				SDKROOT = iphoneos;
				TARGETED_DEVICE_FAMILY = "1,2";
				VALIDATE_PRODUCT = YES;
			};
			name = Release;
		};
		B5B1C0811C0E7C7F003797EF /* Debug */ = {
			isa = XCBuildConfiguration;
			baseConfigurationReference = 7205586416FD6B263628F2E2 /* Pods-EmptyTableView.debug.xcconfig */;
			buildSettings = {
				ASSETCATALOG_COMPILER_APPICON_NAME = AppIcon;
				DEVELOPMENT_TEAM = 2RCRNP22LU;
				INFOPLIST_FILE = EmptyTableView/Info.plist;
				LD_RUNPATH_SEARCH_PATHS = "$(inherited) @executable_path/Frameworks";
				PRODUCT_BUNDLE_IDENTIFIER = com.mayam.EmptyTableView;
				PRODUCT_NAME = "$(TARGET_NAME)";
				SWIFT_VERSION = 5.0;
			};
			name = Debug;
		};
		B5B1C0821C0E7C7F003797EF /* Release */ = {
			isa = XCBuildConfiguration;
			baseConfigurationReference = FD7B7820BDED1F564C34706C /* Pods-EmptyTableView.release.xcconfig */;
			buildSettings = {
				ASSETCATALOG_COMPILER_APPICON_NAME = AppIcon;
				DEVELOPMENT_TEAM = 2RCRNP22LU;
				INFOPLIST_FILE = EmptyTableView/Info.plist;
				LD_RUNPATH_SEARCH_PATHS = "$(inherited) @executable_path/Frameworks";
				PRODUCT_BUNDLE_IDENTIFIER = com.mayam.EmptyTableView;
				PRODUCT_NAME = "$(TARGET_NAME)";
				SWIFT_VERSION = 5.0;
			};
			name = Release;
		};
/* End XCBuildConfiguration section */

/* Begin XCConfigurationList section */
		B5B1C0691C0E7C7F003797EF /* Build configuration list for PBXProject "EmptyTableView" */ = {
			isa = XCConfigurationList;
			buildConfigurations = (
				B5B1C07E1C0E7C7F003797EF /* Debug */,
				B5B1C07F1C0E7C7F003797EF /* Release */,
			);
			defaultConfigurationIsVisible = 0;
			defaultConfigurationName = Release;
		};
		B5B1C0801C0E7C7F003797EF /* Build configuration list for PBXNativeTarget "EmptyTableView" */ = {
			isa = XCConfigurationList;
			buildConfigurations = (
				B5B1C0811C0E7C7F003797EF /* Debug */,
				B5B1C0821C0E7C7F003797EF /* Release */,
			);
			defaultConfigurationIsVisible = 0;
			defaultConfigurationName = Release;
		};
/* End XCConfigurationList section */
	};
	rootObject = B5B1C0661C0E7C7F003797EF /* Project object */;
}
